{
  "name": "lit-todo",
  "version": "1.0.0",
  "lockfileVersion": 1,
  "requires": true,
  "dependencies": {
    "replicache": {
      "version": "0.0.7",
      "resolved": "https://registry.npmjs.org/replicache/-/replicache-0.0.7.tgz",
      "integrity": "sha512-NKlUFYH3ej2A+zLEXHM+g9Quhbl/MfxTIR7lKMItVO3qAoBweVX94wqvskGKDH8L3MAmpMAYDk08gf7z29Xptw=="
    }
  }
}
